
Microsoft Visual Studio Solution File, Format Version 12.00
# Visual Studio Version 17
VisualStudioVersion = 17.8.34330.188
MinimumVisualStudioVersion = 10.0.40219.1
Project("{9A19103F-16F7-4668-BE54-9A1E7A4F7556}") = "EditorMain", "EditorMain\EditorMain.csproj", "{8FF8E5D0-F072-447E-9AEE-C830C709A114}"
EndProject
Global
	GlobalSection(SolutionConfigurationPlatforms) = preSolution
		Debug|Any CPU = Debug|Any CPU
		Release|Any CPU = Release|Any CPU
	EndGlobalSection
	GlobalSection(ProjectConfigurationPlatforms) = postSolution
		{8FF8E5D0-F072-447E-9AEE-C830C709A114}.Debug|Any CPU.ActiveCfg = Debug|Any CPU
		{8FF8E5D0-F072-447E-9AEE-C830C709A114}.Debug|Any CPU.Build.0 = Debug|Any CPU
		{8FF8E5D0-F072-447E-9AEE-C830C709A114}.Release|Any CPU.ActiveCfg = Release|Any CPU
		{8FF8E5D0-F072-447E-9AEE-C830C709A114}.Release|Any CPU.Build.0 = Release|Any CPU
	EndGlobalSection
	GlobalSection(SolutionProperties) = preSolution
		HideSolutionNode = FALSE
	EndGlobalSection
	GlobalSection(ExtensibilityGlobals) = postSolution
		SolutionGuid = {50B39299-7EF3-4717-98EA-97158444D1C9}
	EndGlobalSection
EndGlobal
